
Microsoft Visual Studio Solution File, Format Version 12.00
# Visual Studio Version 17
VisualStudioVersion = 17.14.36705.20 d17.14
MinimumVisualStudioVersion = 10.0.40219.1
Project("{FAE04EC0-301F-11D3-BF4B-00C04F79EFBC}") = "StudentApi", "StudentApi\StudentApi.csproj", "{FEEBED7A-69F6-48DC-B828-19B3452BB2A6}"
EndProject
Global
	GlobalSection(SolutionConfigurationPlatforms) = preSolution
		Debug|Any CPU = Debug|Any CPU
		Release|Any CPU = Release|Any CPU
	EndGlobalSection
	GlobalSection(ProjectConfigurationPlatforms) = postSolution
		{FEEBED7A-69F6-48DC-B828-19B3452BB2A6}.Debug|Any CPU.ActiveCfg = Debug|Any CPU
		{FEEBED7A-69F6-48DC-B828-19B3452BB2A6}.Debug|Any CPU.Build.0 = Debug|Any CPU
		{FEEBED7A-69F6-48DC-B828-19B3452BB2A6}.Release|Any CPU.ActiveCfg = Release|Any CPU
		{FEEBED7A-69F6-48DC-B828-19B3452BB2A6}.Release|Any CPU.Build.0 = Release|Any CPU
	EndGlobalSection
	GlobalSection(SolutionProperties) = preSolution
		HideSolutionNode = FALSE
	EndGlobalSection
	GlobalSection(ExtensibilityGlobals) = postSolution
		SolutionGuid = {4DCAD16B-7E37-44A9-A9CB-4A550D43D866}
	EndGlobalSection
EndGlobal
